
Microsoft Visual Studio Solution File, Format Version 12.00
# Visual Studio 14
VisualStudioVersion = 14.0.25420.1
MinimumVisualStudioVersion = 10.0.40219.1
Project("{2150E333-8FDC-42A3-9474-1A3956D46DE8}") = "Solution Items", "Solution Items", "{900A8FBA-6E79-49B0-AED7-5E125FEE3CE5}"
	ProjectSection(SolutionItems) = preProject
		Readme.md = Readme.md
	EndProjectSection
EndProject
Project("{8BC9CEB8-8B4A-11D0-8D11-00A0C91BC942}") = "OEScreenshotLib", "..\src\OEScreenshotLib.vcxproj", "{FBB58C87-9924-3796-A70A-4F5E774398EE}"
EndProject
Global
	GlobalSection(SolutionConfigurationPlatforms) = preSolution
		Debug|x64 = Debug|x64
		Release|x64 = Release|x64
	EndGlobalSection
	GlobalSection(ProjectConfigurationPlatforms) = postSolution
		{FBB58C87-9924-3796-A70A-4F5E774398EE}.Debug|x64.ActiveCfg = Debug|x64
		{FBB58C87-9924-3796-A70A-4F5E774398EE}.Debug|x64.Build.0 = Debug|x64
		{FBB58C87-9924-3796-A70A-4F5E774398EE}.Release|x64.ActiveCfg = Release|x64
		{FBB58C87-9924-3796-A70A-4F5E774398EE}.Release|x64.Build.0 = Release|x64
	EndGlobalSection
	GlobalSection(SolutionProperties) = preSolution
		HideSolutionNode = FALSE
	EndGlobalSection
EndGlobal
